
Microsoft Visual Studio Solution File, Format Version 12.00
# Visual Studio Version 16
VisualStudioVersion = 16.0.31205.134
MinimumVisualStudioVersion = 10.0.40219.1
Project("{FAE04EC0-301F-11D3-BF4B-00C04F79EFBC}") = "AspNet4WebApiTemplate", "AspNet4WebApiTemplate\AspNet4WebApiTemplate.csproj", "{5CE5C5E5-0671-4363-B9A0-0F42E0053AEC}"
EndProject
Global
	GlobalSection(SolutionConfigurationPlatforms) = preSolution
		Debug|Any CPU = Debug|Any CPU
		Release|Any CPU = Release|Any CPU
	EndGlobalSection
	GlobalSection(ProjectConfigurationPlatforms) = postSolution
		{5CE5C5E5-0671-4363-B9A0-0F42E0053AEC}.Debug|Any CPU.ActiveCfg = Debug|Any CPU
		{5CE5C5E5-0671-4363-B9A0-0F42E0053AEC}.Debug|Any CPU.Build.0 = Debug|Any CPU
		{5CE5C5E5-0671-4363-B9A0-0F42E0053AEC}.Release|Any CPU.ActiveCfg = Release|Any CPU
		{5CE5C5E5-0671-4363-B9A0-0F42E0053AEC}.Release|Any CPU.Build.0 = Release|Any CPU
	EndGlobalSection
	GlobalSection(SolutionProperties) = preSolution
		HideSolutionNode = FALSE
	EndGlobalSection
	GlobalSection(ExtensibilityGlobals) = postSolution
		SolutionGuid = {926636C8-8BDF-4AC1-B1DE-8494C61AF815}
	EndGlobalSection
EndGlobal
